dependencies:
- name: emqx
  repository: https://repos.emqx.io/charts
  version: 4.3.11
- name: jaeger
  repository: https://jaegertracing.github.io/helm-charts
  version: 0.56.1
digest: sha256:72a544bc9c70c217e2e10fa772df8fa12e6a676c3fd9111df1e517ee900de8e2
generated: "2022-05-02T08:54:34.592308+04:30"
