dependencies:
- name: emqx
  repository: https://repos.emqx.io/charts
  version: v4.0.0
- name: jaeger
  repository: https://jaegertracing.github.io/helm-charts
  version: 0.55.0
digest: sha256:f164275ae58770144e01cee2058c8b282c13bb9f5310ec9be040eb18ccbca59a
generated: "2022-05-01T12:54:19.908909+04:30"
